
Microsoft Visual Studio Solution File, Format Version 12.00
# Visual Studio Version 17
VisualStudioVersion = 17.10.35013.160
MinimumVisualStudioVersion = 10.0.40219.1
Project("{FAE04EC0-301F-11D3-BF4B-00C04F79EFBC}") = "Singleton.WebAPI", "Singleton.WebAPI\Singleton.WebAPI.csproj", "{1E86C872-1757-4E2E-94AB-31FDF78FA32B}"
EndProject
Project("{2150E333-8FDC-42A3-9474-1A3956D46DE8}") = "Singleton", "Singleton", "{34122F5A-1FBD-45CC-9B2E-DEE5FC8229C1}"
EndProject
Project("{2150E333-8FDC-42A3-9474-1A3956D46DE8}") = "Creational Design Patterns", "Creational Design Patterns", "{314B0E10-EC3E-4500-8680-FD3B5459FAE1}"
EndProject
Project("{2150E333-8FDC-42A3-9474-1A3956D46DE8}") = "Structural Design Patterns", "Structural Design Patterns", "{6E949478-9560-4C9F-9FC3-C47953509393}"
EndProject
Project("{2150E333-8FDC-42A3-9474-1A3956D46DE8}") = "Behavioral Design Patterns", "Behavioral Design Patterns", "{7A7AB233-CB5C-44AA-B4B8-16870029085B}"
EndProject
Project("{2150E333-8FDC-42A3-9474-1A3956D46DE8}") = "Factory Method", "Factory Method", "{761943A0-B030-4F3B-B290-7F1152B3DBED}"
EndProject
Project("{2150E333-8FDC-42A3-9474-1A3956D46DE8}") = "Abstract Factory", "Abstract Factory", "{E730CEC9-000D-4210-8842-97770B1D60AE}"
EndProject
Project("{2150E333-8FDC-42A3-9474-1A3956D46DE8}") = "Builder", "Builder", "{9CD07B0F-C837-43D7-8D6F-96D959331950}"
EndProject
Project("{2150E333-8FDC-42A3-9474-1A3956D46DE8}") = "Prototype", "Prototype", "{AEFF7862-8B87-4427-B7FC-9D9FDC412532}"
EndProject
Project("{2150E333-8FDC-42A3-9474-1A3956D46DE8}") = "Adapter", "Adapter", "{96C62210-D4A9-4235-BC81-97200CFF34BF}"
EndProject
Project("{2150E333-8FDC-42A3-9474-1A3956D46DE8}") = "Bridge", "Bridge", "{DFD0E724-2850-4805-8DDE-92D2E82F6BC3}"
EndProject
Project("{2150E333-8FDC-42A3-9474-1A3956D46DE8}") = "Composite", "Composite", "{7C495426-7752-452B-A7CD-60CCC8B2C02D}"
EndProject
Project("{2150E333-8FDC-42A3-9474-1A3956D46DE8}") = "Decorator", "Decorator", "{D5297774-E2C6-47C5-8539-CF646DBEBFF3}"
EndProject
Project("{2150E333-8FDC-42A3-9474-1A3956D46DE8}") = "Facade", "Facade", "{E9682DB2-A59B-4848-B9D6-02079318F88D}"
EndProject
Project("{2150E333-8FDC-42A3-9474-1A3956D46DE8}") = "Flyweight", "Flyweight", "{DA883467-CBD7-4B67-A733-9FE2BC5E5170}"
EndProject
Project("{2150E333-8FDC-42A3-9474-1A3956D46DE8}") = "Proxy", "Proxy", "{C78653F0-3F51-4F61-B70E-5010F355793B}"
EndProject
Project("{2150E333-8FDC-42A3-9474-1A3956D46DE8}") = "Chain of Responsability", "Chain of Responsability", "{339A5081-6959-4792-A7DA-A595248201BE}"
EndProject
Project("{2150E333-8FDC-42A3-9474-1A3956D46DE8}") = "Command", "Command", "{B8924B86-E555-40D5-9704-6CDE4582B29D}"
EndProject
Project("{2150E333-8FDC-42A3-9474-1A3956D46DE8}") = "Iterator", "Iterator", "{98C68093-1B9A-4852-BC7B-E5C612B8FA57}"
EndProject
Project("{2150E333-8FDC-42A3-9474-1A3956D46DE8}") = "Mediator", "Mediator", "{86839AD3-2155-4609-BCDA-70A175B8B280}"
EndProject
Project("{2150E333-8FDC-42A3-9474-1A3956D46DE8}") = "Memento", "Memento", "{4778690C-89C1-46CB-BC42-4BC7FDDA38B3}"
EndProject
Project("{2150E333-8FDC-42A3-9474-1A3956D46DE8}") = "Observer", "Observer", "{305444AE-119C-4B70-B03F-1427DD8D78C4}"
EndProject
Project("{2150E333-8FDC-42A3-9474-1A3956D46DE8}") = "State", "State", "{F4555C42-880D-4E78-82E9-49D307662D78}"
EndProject
Project("{2150E333-8FDC-42A3-9474-1A3956D46DE8}") = "Strategy", "Strategy", "{3B563E5E-975A-41EC-AD81-46A2B7EF740D}"
EndProject
Project("{2150E333-8FDC-42A3-9474-1A3956D46DE8}") = "Template Method", "Template Method", "{9DA7714E-2D79-484A-A4AC-74957305F0FB}"
EndProject
Project("{2150E333-8FDC-42A3-9474-1A3956D46DE8}") = "Visitor", "Visitor", "{6230FAA1-D903-479F-A981-C5E0025035D5}"
EndProject
Global
	GlobalSection(SolutionConfigurationPlatforms) = preSolution
		Debug|Any CPU = Debug|Any CPU
		Release|Any CPU = Release|Any CPU
	EndGlobalSection
	GlobalSection(ProjectConfigurationPlatforms) = postSolution
		{1E86C872-1757-4E2E-94AB-31FDF78FA32B}.Debug|Any CPU.ActiveCfg = Debug|Any CPU
		{1E86C872-1757-4E2E-94AB-31FDF78FA32B}.Debug|Any CPU.Build.0 = Debug|Any CPU
		{1E86C872-1757-4E2E-94AB-31FDF78FA32B}.Release|Any CPU.ActiveCfg = Release|Any CPU
		{1E86C872-1757-4E2E-94AB-31FDF78FA32B}.Release|Any CPU.Build.0 = Release|Any CPU
	EndGlobalSection
	GlobalSection(SolutionProperties) = preSolution
		HideSolutionNode = FALSE
	EndGlobalSection
	GlobalSection(NestedProjects) = preSolution
		{1E86C872-1757-4E2E-94AB-31FDF78FA32B} = {34122F5A-1FBD-45CC-9B2E-DEE5FC8229C1}
		{34122F5A-1FBD-45CC-9B2E-DEE5FC8229C1} = {314B0E10-EC3E-4500-8680-FD3B5459FAE1}
		{761943A0-B030-4F3B-B290-7F1152B3DBED} = {314B0E10-EC3E-4500-8680-FD3B5459FAE1}
		{E730CEC9-000D-4210-8842-97770B1D60AE} = {314B0E10-EC3E-4500-8680-FD3B5459FAE1}
		{9CD07B0F-C837-43D7-8D6F-96D959331950} = {314B0E10-EC3E-4500-8680-FD3B5459FAE1}
		{AEFF7862-8B87-4427-B7FC-9D9FDC412532} = {314B0E10-EC3E-4500-8680-FD3B5459FAE1}
		{96C62210-D4A9-4235-BC81-97200CFF34BF} = {6E949478-9560-4C9F-9FC3-C47953509393}
		{DFD0E724-2850-4805-8DDE-92D2E82F6BC3} = {6E949478-9560-4C9F-9FC3-C47953509393}
		{7C495426-7752-452B-A7CD-60CCC8B2C02D} = {6E949478-9560-4C9F-9FC3-C47953509393}
		{D5297774-E2C6-47C5-8539-CF646DBEBFF3} = {6E949478-9560-4C9F-9FC3-C47953509393}
		{E9682DB2-A59B-4848-B9D6-02079318F88D} = {6E949478-9560-4C9F-9FC3-C47953509393}
		{DA883467-CBD7-4B67-A733-9FE2BC5E5170} = {6E949478-9560-4C9F-9FC3-C47953509393}
		{C78653F0-3F51-4F61-B70E-5010F355793B} = {6E949478-9560-4C9F-9FC3-C47953509393}
		{339A5081-6959-4792-A7DA-A595248201BE} = {7A7AB233-CB5C-44AA-B4B8-16870029085B}
		{B8924B86-E555-40D5-9704-6CDE4582B29D} = {7A7AB233-CB5C-44AA-B4B8-16870029085B}
		{98C68093-1B9A-4852-BC7B-E5C612B8FA57} = {7A7AB233-CB5C-44AA-B4B8-16870029085B}
		{86839AD3-2155-4609-BCDA-70A175B8B280} = {7A7AB233-CB5C-44AA-B4B8-16870029085B}
		{4778690C-89C1-46CB-BC42-4BC7FDDA38B3} = {7A7AB233-CB5C-44AA-B4B8-16870029085B}
		{305444AE-119C-4B70-B03F-1427DD8D78C4} = {7A7AB233-CB5C-44AA-B4B8-16870029085B}
		{F4555C42-880D-4E78-82E9-49D307662D78} = {7A7AB233-CB5C-44AA-B4B8-16870029085B}
		{3B563E5E-975A-41EC-AD81-46A2B7EF740D} = {7A7AB233-CB5C-44AA-B4B8-16870029085B}
		{9DA7714E-2D79-484A-A4AC-74957305F0FB} = {7A7AB233-CB5C-44AA-B4B8-16870029085B}
		{6230FAA1-D903-479F-A981-C5E0025035D5} = {7A7AB233-CB5C-44AA-B4B8-16870029085B}
	EndGlobalSection
	GlobalSection(ExtensibilityGlobals) = postSolution
		SolutionGuid = {2D09BA8F-A508-45F0-8F0F-322516C26847}
	EndGlobalSection
EndGlobal
